PODS:
  - audioplayers_darwin (0.0.1):
    - Flutter
    - FlutterMacOS
  - Flutter (1.0.0)
  - home_widget (0.0.1):
    - Flutter
  - image_picker_ios (0.0.1):
    - Flutter
  - record_darwin (1.0.0):
    - Flutter
  - video_player_avfoundation (0.0.1):
    - Flutter
    - FlutterMacOS

DEPENDENCIES:
  - audioplayers_darwin (from `.symlinks/plugins/audioplayers_darwin/darwin`)
  - Flutter (from `Flutter`)
  - home_widget (from `.symlinks/plugins/home_widget/ios`)
  - image_picker_ios (from `.symlinks/plugins/image_picker_ios/ios`)
  - record_darwin (from `.symlinks/plugins/record_darwin/ios`)
  - video_player_avfoundation (from `.symlinks/plugins/video_player_avfoundation/darwin`)

EXTERNAL SOURCES:
  audioplayers_darwin:
    :path: ".symlinks/plugins/audioplayers_darwin/darwin"
  Flutter:
    :path: Flutter
  home_widget:
    :path: ".symlinks/plugins/home_widget/ios"
  image_picker_ios:
    :path: ".symlinks/plugins/image_picker_ios/ios"
  record_darwin:
    :path: ".symlinks/plugins/record_darwin/ios"
  video_player_avfoundation:
    :path: ".symlinks/plugins/video_player_avfoundation/darwin"

SPEC CHECKSUMS:
  audioplayers_darwin: 835ced6edd4c9fc8ebb0a7cc9e294a91d99917d5
  Flutter: cabc95a1d2626b1b06e7179b784ebcf0c0cde467
  home_widget: f169fc41fd807b4d46ab6615dc44d62adbf9f64f
  image_picker_ios: e0ece4aa2a75771a7de3fa735d26d90817041326
  record_darwin: fb1f375f1d9603714f55b8708a903bbb91ffdb0a
  video_player_avfoundation: dd410b52df6d2466a42d28550e33e4146928280a

PODFILE CHECKSUM: 3c63482e143d1b91d2d2560aee9fb04ecc74ac7e

COCOAPODS: 1.16.2
